
Microsoft Visual Studio Solution File, Format Version 12.00
# Visual Studio Version 17
VisualStudioVersion = 17.3.32901.215
MinimumVisualStudioVersion = 10.0.40219.1
Project("{9A19103F-16F7-4668-BE54-9A1E7A4F7556}") = "shopLocal.WebApp", "shopLocal.WebApp\shopLocal.WebApp.csproj", "{16415952-F2A5-46DD-94CA-8117BE8562EE}"
EndProject
Project("{2150E333-8FDC-42A3-9474-1A3956D46DE8}") = "Solution Items", "Solution Items", "{6F395A50-8141-4764-A32E-ABBB208E5BF7}"
	ProjectSection(SolutionItems) = preProject
		README.md = README.md
	EndProjectSection
EndProject
Project("{9A19103F-16F7-4668-BE54-9A1E7A4F7556}") = "shopLocal.Data", "shopLocal.Data\shopLocal.Data.csproj", "{702271CF-31A5-48CE-A9E1-A71A02280157}"
EndProject
Project("{9A19103F-16F7-4668-BE54-9A1E7A4F7556}") = "shopLocal.Application", "shopLocal.Application\shopLocal.Application.csproj", "{BBA7FA22-E1AC-4EE3-A800-93DC488EEEFF}"
EndProject
Project("{9A19103F-16F7-4668-BE54-9A1E7A4F7556}") = "shopLocal.Utilities", "shopLocal.Utilitiesfix\shopLocal.Utilities.csproj", "{A291AE02-D6CB-4FF1-AFA6-955EEFB7A24D}"
EndProject
Project("{FAE04EC0-301F-11D3-BF4B-00C04F79EFBC}") = "shopLocal.ViewModels", "shopLocal.ViewModels\shopLocal.ViewModels.csproj", "{EE8DD906-55F0-4D98-AAB5-175BDA012589}"
EndProject
Global
	GlobalSection(SolutionConfigurationPlatforms) = preSolution
		Debug|Any CPU = Debug|Any CPU
		Release|Any CPU = Release|Any CPU
	EndGlobalSection
	GlobalSection(ProjectConfigurationPlatforms) = postSolution
		{16415952-F2A5-46DD-94CA-8117BE8562EE}.Debug|Any CPU.ActiveCfg = Debug|Any CPU
		{16415952-F2A5-46DD-94CA-8117BE8562EE}.Debug|Any CPU.Build.0 = Debug|Any CPU
		{16415952-F2A5-46DD-94CA-8117BE8562EE}.Release|Any CPU.ActiveCfg = Release|Any CPU
		{16415952-F2A5-46DD-94CA-8117BE8562EE}.Release|Any CPU.Build.0 = Release|Any CPU
		{702271CF-31A5-48CE-A9E1-A71A02280157}.Debug|Any CPU.ActiveCfg = Debug|Any CPU
		{702271CF-31A5-48CE-A9E1-A71A02280157}.Debug|Any CPU.Build.0 = Debug|Any CPU
		{702271CF-31A5-48CE-A9E1-A71A02280157}.Release|Any CPU.ActiveCfg = Release|Any CPU
		{702271CF-31A5-48CE-A9E1-A71A02280157}.Release|Any CPU.Build.0 = Release|Any CPU
		{BBA7FA22-E1AC-4EE3-A800-93DC488EEEFF}.Debug|Any CPU.ActiveCfg = Debug|Any CPU
		{BBA7FA22-E1AC-4EE3-A800-93DC488EEEFF}.Debug|Any CPU.Build.0 = Debug|Any CPU
		{BBA7FA22-E1AC-4EE3-A800-93DC488EEEFF}.Release|Any CPU.ActiveCfg = Release|Any CPU
		{BBA7FA22-E1AC-4EE3-A800-93DC488EEEFF}.Release|Any CPU.Build.0 = Release|Any CPU
		{A291AE02-D6CB-4FF1-AFA6-955EEFB7A24D}.Debug|Any CPU.ActiveCfg = Debug|Any CPU
		{A291AE02-D6CB-4FF1-AFA6-955EEFB7A24D}.Debug|Any CPU.Build.0 = Debug|Any CPU
		{A291AE02-D6CB-4FF1-AFA6-955EEFB7A24D}.Release|Any CPU.ActiveCfg = Release|Any CPU
		{A291AE02-D6CB-4FF1-AFA6-955EEFB7A24D}.Release|Any CPU.Build.0 = Release|Any CPU
		{EE8DD906-55F0-4D98-AAB5-175BDA012589}.Debug|Any CPU.ActiveCfg = Debug|Any CPU
		{EE8DD906-55F0-4D98-AAB5-175BDA012589}.Debug|Any CPU.Build.0 = Debug|Any CPU
		{EE8DD906-55F0-4D98-AAB5-175BDA012589}.Release|Any CPU.ActiveCfg = Release|Any CPU
		{EE8DD906-55F0-4D98-AAB5-175BDA012589}.Release|Any CPU.Build.0 = Release|Any CPU
	EndGlobalSection
	GlobalSection(SolutionProperties) = preSolution
		HideSolutionNode = FALSE
	EndGlobalSection
	GlobalSection(ExtensibilityGlobals) = postSolution
		SolutionGuid = {92DBB938-9F06-4F3F-97D4-7B34F913878E}
	EndGlobalSection
EndGlobal
