
Microsoft Visual Studio Solution File, Format Version 12.00
# Visual Studio Version 17
VisualStudioVersion = 17.3.32901.215
MinimumVisualStudioVersion = 10.0.40219.1
Project("{FAE04EC0-301F-11D3-BF4B-00C04F79EFBC}") = "shopLocal.WebApp", "shopLocal.WebApp\shopLocal.WebApp.csproj", "{16415952-F2A5-46DD-94CA-8117BE8562EE}"
EndProject
Global
	GlobalSection(SolutionConfigurationPlatforms) = preSolution
		Debug|Any CPU = Debug|Any CPU
		Release|Any CPU = Release|Any CPU
	EndGlobalSection
	GlobalSection(ProjectConfigurationPlatforms) = postSolution
		{16415952-F2A5-46DD-94CA-8117BE8562EE}.Debug|Any CPU.ActiveCfg = Debug|Any CPU
		{16415952-F2A5-46DD-94CA-8117BE8562EE}.Debug|Any CPU.Build.0 = Debug|Any CPU
		{16415952-F2A5-46DD-94CA-8117BE8562EE}.Release|Any CPU.ActiveCfg = Release|Any CPU
		{16415952-F2A5-46DD-94CA-8117BE8562EE}.Release|Any CPU.Build.0 = Release|Any CPU
	EndGlobalSection
	GlobalSection(SolutionProperties) = preSolution
		HideSolutionNode = FALSE
	EndGlobalSection
	GlobalSection(ExtensibilityGlobals) = postSolution
		SolutionGuid = {92DBB938-9F06-4F3F-97D4-7B34F913878E}
	EndGlobalSection
EndGlobal
